
Microsoft Visual Studio Solution File, Format Version 12.00
Project("{FAE04EC0-301F-11D3-BF4B-00C04F79EFBC}") = "GigiTrucks.Services.Users.Api", "src\Services\Users\GigiTrucks.Services.Users.Api\GigiTrucks.Services.Users.Api.csproj", "{FD30EBFF-FF59-4DD2-8739-D7DAECE0F02E}"
EndProject
Project("{FAE04EC0-301F-11D3-BF4B-00C04F79EFBC}") = "GigiTrucks.Services.Users.Core", "src\Services\Users\GigiTrucks.Services.Users.Core\GigiTrucks.Services.Users.Core.csproj", "{72EA128A-F831-46C4-B81F-AA86529195FD}"
EndProject
Project("{FAE04EC0-301F-11D3-BF4B-00C04F79EFBC}") = "GigiTrucks.Services.Users.Shared", "src\Services\Users\GigiTrucks.Services.Users.Shared\GigiTrucks.Services.Users.Shared.csproj", "{39E45484-AEB6-4EBD-B4F1-A3BF54637570}"
EndProject
Project("{FAE04EC0-301F-11D3-BF4B-00C04F79EFBC}") = "GigiTrucks.Services.Users.Tests.Integration", "src\Services\Users\Tests\GigiTrucks.Services.Users.Tests.Integration\GigiTrucks.Services.Users.Tests.Integration.csproj", "{81277083-3138-4737-824D-1E6CA6E54ADC}"
EndProject
Project("{2150E333-8FDC-42A3-9474-1A3956D46DE8}") = "Services.Users", "Services.Users", "{3BFA9B40-7B1C-4512-B22E-AD98C5497C7F}"
EndProject
Project("{FAE04EC0-301F-11D3-BF4B-00C04F79EFBC}") = "GigiTrucks.Gateway", "src\Gateway\GigiTrucks.Gateway\GigiTrucks.Gateway.csproj", "{75718EEE-EA8F-4167-B7D5-2E98B0AE5233}"
EndProject
Project("{2150E333-8FDC-42A3-9474-1A3956D46DE8}") = "Services.Orders", "Services.Orders", "{B2624AFA-D0B6-401F-812F-8AE45A0DD1BA}"
EndProject
Project("{FAE04EC0-301F-11D3-BF4B-00C04F79EFBC}") = "GigiTrucks.Services.Orders.Api", "src\Services\Orders\GigiTrucks.Services.Orders.Api\GigiTrucks.Services.Orders.Api.csproj", "{7C68AE0A-0919-46BA-98A7-C79F42B1E831}"
EndProject
Project("{FAE04EC0-301F-11D3-BF4B-00C04F79EFBC}") = "GigiTrucks.Services.Orders.Infrastructure", "src\Services\Orders\GigiTrucks.Services.Orders.Infrastructure\GigiTrucks.Services.Orders.Infrastructure.csproj", "{5E307F07-3118-4F5B-8A22-A8DDFEC79DA0}"
EndProject
Project("{FAE04EC0-301F-11D3-BF4B-00C04F79EFBC}") = "GigiTrucks.Services.Orders.Domain", "src\Services\Orders\GigiTrucks.Services.Orders.Domain\GigiTrucks.Services.Orders.Domain.csproj", "{5A4BA5CA-A027-4161-B229-C9DB3FE727CB}"
EndProject
Project("{FAE04EC0-301F-11D3-BF4B-00C04F79EFBC}") = "GigiTrucks.Services.Orders.Application", "src\Services\Orders\GigiTrucks.Services.Orders.Application\GigiTrucks.Services.Orders.Application.csproj", "{DD808B7C-B826-428D-9555-E9A5A1588A92}"
EndProject
Project("{2150E333-8FDC-42A3-9474-1A3956D46DE8}") = "Services.Carts", "Services.Carts", "{F15B7FD9-BDEF-4E9B-B107-BAE12AC9312E}"
EndProject
Project("{FAE04EC0-301F-11D3-BF4B-00C04F79EFBC}") = "GigiTrucks.Services.Carts.Contracts", "src\Services\Carts\GigiTrucks.Services.Carts.Contracts\GigiTrucks.Services.Carts.Contracts.csproj", "{71188704-44F3-44D8-A56E-D77DB7FDC8B1}"
EndProject
Project("{FAE04EC0-301F-11D3-BF4B-00C04F79EFBC}") = "GigiTrucks.Services.Carts.Api", "src\Services\Carts\GigiTrucks.Services.Carts.Api\GigiTrucks.Services.Carts.Api.csproj", "{5E6CBB74-2174-4144-894B-9794A481D5D9}"
EndProject
Project("{FAE04EC0-301F-11D3-BF4B-00C04F79EFBC}") = "GigiTrucks.Services.Carts.Application", "src\Services\Carts\GigiTrucks.Services.Carts.Application\GigiTrucks.Services.Carts.Application.csproj", "{36C8EF18-FCF2-4938-B2AA-4D2F5FC66B96}"
EndProject
Project("{2150E333-8FDC-42A3-9474-1A3956D46DE8}") = "Services.Newsletter", "Services.Newsletter", "{6C008BD9-9036-46F7-8202-94E75C9E2C20}"
EndProject
Project("{FAE04EC0-301F-11D3-BF4B-00C04F79EFBC}") = "GigiTrucks.Services.Newsletter.Api", "src\Services\Newsletter\GigiTrucks.Services.Newsletter.Api\GigiTrucks.Services.Newsletter.Api.csproj", "{27E030C7-C041-45D0-9FC4-8B9D4EF22B40}"
EndProject
Project("{2150E333-8FDC-42A3-9474-1A3956D46DE8}") = "Services", "Services", "{51AF1634-C629-4338-95D9-C7DC5A702788}"
EndProject
Project("{FAE04EC0-301F-11D3-BF4B-00C04F79EFBC}") = "GigiTrucks.Services.Common", "src\Services\Common\GigiTrucks.Services.Common\GigiTrucks.Services.Common.csproj", "{1F630324-C055-4C87-B900-1FB888BB2140}"
EndProject
Project("{2150E333-8FDC-42A3-9474-1A3956D46DE8}") = "Services.Products", "Services.Products", "{8CF37170-96CD-4D62-9CE7-198706585619}"
EndProject
Project("{FAE04EC0-301F-11D3-BF4B-00C04F79EFBC}") = "GigiTrucks.Services.Products.Api", "src\Services\Products\GigiTrucks.Services.Products.Api\GigiTrucks.Services.Products.Api.csproj", "{C1421631-0C6F-4485-94F6-EA8753C27756}"
EndProject
Project("{2150E333-8FDC-42A3-9474-1A3956D46DE8}") = "Tests", "Tests", "{F8645234-45B2-461F-BA0A-549FB36A23C3}"
EndProject
Project("{FAE04EC0-301F-11D3-BF4B-00C04F79EFBC}") = "GigiTrucks.Services.Products.Tests.Integration", "src\Services\Products\Tests\GigiTrucks.Services.Products.Tests.Integration\GigiTrucks.Services.Products.Tests.Integration.csproj", "{1862C48C-A66C-4108-A4C4-78FF8B868A5E}"
EndProject
Project("{FAE04EC0-301F-11D3-BF4B-00C04F79EFBC}") = "GigiTrucks.Services.Newsletter.Application", "src\Services\Newsletter\GigiTrucks.Services.Newsletter.Application\GigiTrucks.Services.Newsletter.Application.csproj", "{A3F38EEA-F3F2-49F3-A8E8-06D830957B3F}"
EndProject
Project("{FAE04EC0-301F-11D3-BF4B-00C04F79EFBC}") = "GigiTrucks.Services.Newsletter.Infrastructure", "src\Services\Newsletter\GigiTrucks.Services.Newsletter.Infrastructure\GigiTrucks.Services.Newsletter.Infrastructure.csproj", "{A4000428-4136-4DE1-B164-6945161F04E4}"
EndProject
Project("{FAE04EC0-301F-11D3-BF4B-00C04F79EFBC}") = "GigiTrucks.Services.Newsletter.Domain", "src\Services\Newsletter\GigiTrucks.Services.Newsletter.Domain\GigiTrucks.Services.Newsletter.Domain.csproj", "{84FEDB7C-78FE-470A-A957-7453A3718466}"
EndProject
Project("{FAE04EC0-301F-11D3-BF4B-00C04F79EFBC}") = "GigiTrucks.Services.Products.Core", "src\Services\Products\GigiTrucks.Services.Products.Core\GigiTrucks.Services.Products.Core.csproj", "{EFA105F5-49E9-4172-A094-EB9D09D78BBC}"
EndProject
Project("{2150E333-8FDC-42A3-9474-1A3956D46DE8}") = "Tests", "Tests", "{947EFF6D-A9C2-4EF9-99B7-9A9841FAAB50}"
EndProject
Project("{FAE04EC0-301F-11D3-BF4B-00C04F79EFBC}") = "GigiTrucks.Services.Newsletter.Contracts", "src\Services\Newsletter\GigiTrucks.Services.Newsletter.Contracts\GigiTrucks.Services.Newsletter.Contracts.csproj", "{83BB77CF-7EE3-43AD-B8C9-DAA9B1A7A58F}"
EndProject
Project("{2150E333-8FDC-42A3-9474-1A3956D46DE8}") = "Tests", "Tests", "{827AAEE0-47DD-4156-A4BD-623250FD0064}"
EndProject
Project("{FAE04EC0-301F-11D3-BF4B-00C04F79EFBC}") = "GigiTrucks.Services.Newsletter.Tests.Integration", "src\Services\Newsletter\Tests\GigiTrucks.Services.Newsletter.Tests.Integration\GigiTrucks.Services.Newsletter.Tests.Integration.csproj", "{6C97D037-1B7A-448E-BF22-A065A590CB96}"
EndProject
Project("{2150E333-8FDC-42A3-9474-1A3956D46DE8}") = "Tests", "Tests", "{9264DC41-973F-40B1-9425-F4070A02CCB3}"
EndProject
Project("{FAE04EC0-301F-11D3-BF4B-00C04F79EFBC}") = "GigiTrucks.Services.Orders.Tests.Integration", "src\Services\Orders\Tests\GigiTrucks.Services.Orders.Tests.Integration\GigiTrucks.Services.Orders.Tests.Integration.csproj", "{4C9BF4DC-9A9E-4A50-815D-C3668CDFFE6E}"
EndProject
Project("{2150E333-8FDC-42A3-9474-1A3956D46DE8}") = "Services.Discounts", "Services.Discounts", "{84E9DB4A-4376-46AE-A97B-CC965FA7F287}"
EndProject
Project("{FAE04EC0-301F-11D3-BF4B-00C04F79EFBC}") = "GigiTrucks.Services.Discounts.Api", "src\Services\Discounts\GigiTrucks.Services.Discounts.Api\GigiTrucks.Services.Discounts.Api.csproj", "{D2A32793-2A93-45D2-94BD-3BE50D04D5AC}"
EndProject
Project("{FAE04EC0-301F-11D3-BF4B-00C04F79EFBC}") = "GigiTrucks.Services.Discounts.Infrastructure", "src\Services\Discounts\GigiTrucks.Services.Discounts.Infrastructure\GigiTrucks.Services.Discounts.Infrastructure.csproj", "{3B4E27C2-8086-43CD-B6ED-5A09D04903D8}"
EndProject
Project("{FAE04EC0-301F-11D3-BF4B-00C04F79EFBC}") = "GigiTrucks.Services.Discounts.Domain", "src\Services\Discounts\GigiTrucks.Services.Discounts.Domain\GigiTrucks.Services.Discounts.Domain.csproj", "{2C22BCA2-6E64-4106-8482-4E2F3E671C2C}"
EndProject
Project("{2150E333-8FDC-42A3-9474-1A3956D46DE8}") = "Tests", "Tests", "{101AE828-16F5-4A3B-97BB-C5F671E6C091}"
EndProject
Project("{FAE04EC0-301F-11D3-BF4B-00C04F79EFBC}") = "GigiTrucks.Services.Discounts.Application", "src\Services\Discounts\GigiTrucks.Services.Discounts.Application\GigiTrucks.Services.Discounts.Application.csproj", "{E206D744-0EDB-4451-9F37-2F34F1230C4C}"
EndProject
Project("{FAE04EC0-301F-11D3-BF4B-00C04F79EFBC}") = "GigiTrucks.Services.Discounts.Tests.Integration", "src\Services\Discounts\Tests\GigiTrucks.Services.Discounts.Tests.Integration\GigiTrucks.Services.Discounts.Tests.Integration.csproj", "{D3838B93-4F5B-413E-8563-022678A416FB}"
EndProject
Project("{2150E333-8FDC-42A3-9474-1A3956D46DE8}") = "Tests", "Tests", "{0A2BA9F5-2917-4B8F-A145-1F0604272BC8}"
EndProject
Project("{FAE04EC0-301F-11D3-BF4B-00C04F79EFBC}") = "GigiTrucks.Services.Carts.Tests.Integration", "src\Services\Carts\Tests\GigiTrucks.Services.Carts.Tests.Integration\GigiTrucks.Services.Carts.Tests.Integration.csproj", "{A676876C-CD1A-4FC7-B8FA-E3418D015035}"
EndProject
Project("{FAE04EC0-301F-11D3-BF4B-00C04F79EFBC}") = "GigiTrucks.Services.Carts.Domain", "src\Services\Carts\GigiTrucks.Services.Carts.Domain\GigiTrucks.Services.Carts.Domain.csproj", "{A7380B23-2FB4-4D4F-A5FE-B883C2A35A31}"
EndProject
Project("{FAE04EC0-301F-11D3-BF4B-00C04F79EFBC}") = "GigiTrucks.Services.Carts.Infrastructure", "src\Services\Carts\GigiTrucks.Services.Carts.Infrastructure\GigiTrucks.Services.Carts.Infrastructure.csproj", "{E2769C17-66F4-47A2-B9C7-32B1E4CE725D}"
EndProject
Project("{FAE04EC0-301F-11D3-BF4B-00C04F79EFBC}") = "GigiTrucks.Services.Orders.Contracts", "src\Services\Orders\GigiTrucks.Services.Orders.Contracts\GigiTrucks.Services.Orders.Contracts.csproj", "{BC078860-DF23-42D2-891D-A0FB44CD25FD}"
EndProject
Project("{FAE04EC0-301F-11D3-BF4B-00C04F79EFBC}") = "GigiTrucks.Services.Orders.Tests.Unit", "src\Services\Orders\Tests\GigiTrucks.Services.Orders.Tests.Unit\GigiTrucks.Services.Orders.Tests.Unit.csproj", "{D41D69C7-E041-4D72-916A-F8DC740CEE93}"
EndProject
Project("{2150E333-8FDC-42A3-9474-1A3956D46DE8}") = "Services.Common", "Services.Common", "{3306A1D8-6CCC-4381-A3FE-835C7D7C7F02}"
EndProject
Project("{FAE04EC0-301F-11D3-BF4B-00C04F79EFBC}") = "GigiTrucks.Services.Common.Domain", "src\Services\Common\GigiTrucks.Services.Common.Domain\GigiTrucks.Services.Common.Domain.csproj", "{533AAA94-5390-4B3E-A072-952F2C3AD8C8}"
EndProject
Global
	GlobalSection(SolutionConfigurationPlatforms) = preSolution
		Debug|Any CPU = Debug|Any CPU
		Release|Any CPU = Release|Any CPU
	EndGlobalSection
	GlobalSection(ProjectConfigurationPlatforms) = postSolution
		{FD30EBFF-FF59-4DD2-8739-D7DAECE0F02E}.Debug|Any CPU.ActiveCfg = Debug|Any CPU
		{FD30EBFF-FF59-4DD2-8739-D7DAECE0F02E}.Debug|Any CPU.Build.0 = Debug|Any CPU
		{FD30EBFF-FF59-4DD2-8739-D7DAECE0F02E}.Release|Any CPU.ActiveCfg = Release|Any CPU
		{FD30EBFF-FF59-4DD2-8739-D7DAECE0F02E}.Release|Any CPU.Build.0 = Release|Any CPU
		{72EA128A-F831-46C4-B81F-AA86529195FD}.Debug|Any CPU.ActiveCfg = Debug|Any CPU
		{72EA128A-F831-46C4-B81F-AA86529195FD}.Debug|Any CPU.Build.0 = Debug|Any CPU
		{72EA128A-F831-46C4-B81F-AA86529195FD}.Release|Any CPU.ActiveCfg = Release|Any CPU
		{72EA128A-F831-46C4-B81F-AA86529195FD}.Release|Any CPU.Build.0 = Release|Any CPU
		{39E45484-AEB6-4EBD-B4F1-A3BF54637570}.Debug|Any CPU.ActiveCfg = Debug|Any CPU
		{39E45484-AEB6-4EBD-B4F1-A3BF54637570}.Debug|Any CPU.Build.0 = Debug|Any CPU
		{39E45484-AEB6-4EBD-B4F1-A3BF54637570}.Release|Any CPU.ActiveCfg = Release|Any CPU
		{39E45484-AEB6-4EBD-B4F1-A3BF54637570}.Release|Any CPU.Build.0 = Release|Any CPU
		{81277083-3138-4737-824D-1E6CA6E54ADC}.Debug|Any CPU.ActiveCfg = Debug|Any CPU
		{81277083-3138-4737-824D-1E6CA6E54ADC}.Debug|Any CPU.Build.0 = Debug|Any CPU
		{81277083-3138-4737-824D-1E6CA6E54ADC}.Release|Any CPU.ActiveCfg = Release|Any CPU
		{81277083-3138-4737-824D-1E6CA6E54ADC}.Release|Any CPU.Build.0 = Release|Any CPU
		{75718EEE-EA8F-4167-B7D5-2E98B0AE5233}.Debug|Any CPU.ActiveCfg = Debug|Any CPU
		{75718EEE-EA8F-4167-B7D5-2E98B0AE5233}.Debug|Any CPU.Build.0 = Debug|Any CPU
		{75718EEE-EA8F-4167-B7D5-2E98B0AE5233}.Release|Any CPU.ActiveCfg = Release|Any CPU
		{75718EEE-EA8F-4167-B7D5-2E98B0AE5233}.Release|Any CPU.Build.0 = Release|Any CPU
		{7C68AE0A-0919-46BA-98A7-C79F42B1E831}.Debug|Any CPU.ActiveCfg = Debug|Any CPU
		{7C68AE0A-0919-46BA-98A7-C79F42B1E831}.Debug|Any CPU.Build.0 = Debug|Any CPU
		{7C68AE0A-0919-46BA-98A7-C79F42B1E831}.Release|Any CPU.ActiveCfg = Release|Any CPU
		{7C68AE0A-0919-46BA-98A7-C79F42B1E831}.Release|Any CPU.Build.0 = Release|Any CPU
		{5E307F07-3118-4F5B-8A22-A8DDFEC79DA0}.Debug|Any CPU.ActiveCfg = Debug|Any CPU
		{5E307F07-3118-4F5B-8A22-A8DDFEC79DA0}.Debug|Any CPU.Build.0 = Debug|Any CPU
		{5E307F07-3118-4F5B-8A22-A8DDFEC79DA0}.Release|Any CPU.ActiveCfg = Release|Any CPU
		{5E307F07-3118-4F5B-8A22-A8DDFEC79DA0}.Release|Any CPU.Build.0 = Release|Any CPU
		{5A4BA5CA-A027-4161-B229-C9DB3FE727CB}.Debug|Any CPU.ActiveCfg = Debug|Any CPU
		{5A4BA5CA-A027-4161-B229-C9DB3FE727CB}.Debug|Any CPU.Build.0 = Debug|Any CPU
		{5A4BA5CA-A027-4161-B229-C9DB3FE727CB}.Release|Any CPU.ActiveCfg = Release|Any CPU
		{5A4BA5CA-A027-4161-B229-C9DB3FE727CB}.Release|Any CPU.Build.0 = Release|Any CPU
		{DD808B7C-B826-428D-9555-E9A5A1588A92}.Debug|Any CPU.ActiveCfg = Debug|Any CPU
		{DD808B7C-B826-428D-9555-E9A5A1588A92}.Debug|Any CPU.Build.0 = Debug|Any CPU
		{DD808B7C-B826-428D-9555-E9A5A1588A92}.Release|Any CPU.ActiveCfg = Release|Any CPU
		{DD808B7C-B826-428D-9555-E9A5A1588A92}.Release|Any CPU.Build.0 = Release|Any CPU
		{71188704-44F3-44D8-A56E-D77DB7FDC8B1}.Debug|Any CPU.ActiveCfg = Debug|Any CPU
		{71188704-44F3-44D8-A56E-D77DB7FDC8B1}.Debug|Any CPU.Build.0 = Debug|Any CPU
		{71188704-44F3-44D8-A56E-D77DB7FDC8B1}.Release|Any CPU.ActiveCfg = Release|Any CPU
		{71188704-44F3-44D8-A56E-D77DB7FDC8B1}.Release|Any CPU.Build.0 = Release|Any CPU
		{5E6CBB74-2174-4144-894B-9794A481D5D9}.Debug|Any CPU.ActiveCfg = Debug|Any CPU
		{5E6CBB74-2174-4144-894B-9794A481D5D9}.Debug|Any CPU.Build.0 = Debug|Any CPU
		{5E6CBB74-2174-4144-894B-9794A481D5D9}.Release|Any CPU.ActiveCfg = Release|Any CPU
		{5E6CBB74-2174-4144-894B-9794A481D5D9}.Release|Any CPU.Build.0 = Release|Any CPU
		{36C8EF18-FCF2-4938-B2AA-4D2F5FC66B96}.Debug|Any CPU.ActiveCfg = Debug|Any CPU
		{36C8EF18-FCF2-4938-B2AA-4D2F5FC66B96}.Debug|Any CPU.Build.0 = Debug|Any CPU
		{36C8EF18-FCF2-4938-B2AA-4D2F5FC66B96}.Release|Any CPU.ActiveCfg = Release|Any CPU
		{36C8EF18-FCF2-4938-B2AA-4D2F5FC66B96}.Release|Any CPU.Build.0 = Release|Any CPU
		{27E030C7-C041-45D0-9FC4-8B9D4EF22B40}.Debug|Any CPU.ActiveCfg = Debug|Any CPU
		{27E030C7-C041-45D0-9FC4-8B9D4EF22B40}.Debug|Any CPU.Build.0 = Debug|Any CPU
		{27E030C7-C041-45D0-9FC4-8B9D4EF22B40}.Release|Any CPU.ActiveCfg = Release|Any CPU
		{27E030C7-C041-45D0-9FC4-8B9D4EF22B40}.Release|Any CPU.Build.0 = Release|Any CPU
		{1F630324-C055-4C87-B900-1FB888BB2140}.Debug|Any CPU.ActiveCfg = Debug|Any CPU
		{1F630324-C055-4C87-B900-1FB888BB2140}.Debug|Any CPU.Build.0 = Debug|Any CPU
		{1F630324-C055-4C87-B900-1FB888BB2140}.Release|Any CPU.ActiveCfg = Release|Any CPU
		{1F630324-C055-4C87-B900-1FB888BB2140}.Release|Any CPU.Build.0 = Release|Any CPU
		{C1421631-0C6F-4485-94F6-EA8753C27756}.Debug|Any CPU.ActiveCfg = Debug|Any CPU
		{C1421631-0C6F-4485-94F6-EA8753C27756}.Debug|Any CPU.Build.0 = Debug|Any CPU
		{C1421631-0C6F-4485-94F6-EA8753C27756}.Release|Any CPU.ActiveCfg = Release|Any CPU
		{C1421631-0C6F-4485-94F6-EA8753C27756}.Release|Any CPU.Build.0 = Release|Any CPU
		{1862C48C-A66C-4108-A4C4-78FF8B868A5E}.Debug|Any CPU.ActiveCfg = Debug|Any CPU
		{1862C48C-A66C-4108-A4C4-78FF8B868A5E}.Debug|Any CPU.Build.0 = Debug|Any CPU
		{1862C48C-A66C-4108-A4C4-78FF8B868A5E}.Release|Any CPU.ActiveCfg = Release|Any CPU
		{1862C48C-A66C-4108-A4C4-78FF8B868A5E}.Release|Any CPU.Build.0 = Release|Any CPU
		{A3F38EEA-F3F2-49F3-A8E8-06D830957B3F}.Debug|Any CPU.ActiveCfg = Debug|Any CPU
		{A3F38EEA-F3F2-49F3-A8E8-06D830957B3F}.Debug|Any CPU.Build.0 = Debug|Any CPU
		{A3F38EEA-F3F2-49F3-A8E8-06D830957B3F}.Release|Any CPU.ActiveCfg = Release|Any CPU
		{A3F38EEA-F3F2-49F3-A8E8-06D830957B3F}.Release|Any CPU.Build.0 = Release|Any CPU
		{A4000428-4136-4DE1-B164-6945161F04E4}.Debug|Any CPU.ActiveCfg = Debug|Any CPU
		{A4000428-4136-4DE1-B164-6945161F04E4}.Debug|Any CPU.Build.0 = Debug|Any CPU
		{A4000428-4136-4DE1-B164-6945161F04E4}.Release|Any CPU.ActiveCfg = Release|Any CPU
		{A4000428-4136-4DE1-B164-6945161F04E4}.Release|Any CPU.Build.0 = Release|Any CPU
		{84FEDB7C-78FE-470A-A957-7453A3718466}.Debug|Any CPU.ActiveCfg = Debug|Any CPU
		{84FEDB7C-78FE-470A-A957-7453A3718466}.Debug|Any CPU.Build.0 = Debug|Any CPU
		{84FEDB7C-78FE-470A-A957-7453A3718466}.Release|Any CPU.ActiveCfg = Release|Any CPU
		{84FEDB7C-78FE-470A-A957-7453A3718466}.Release|Any CPU.Build.0 = Release|Any CPU
		{EFA105F5-49E9-4172-A094-EB9D09D78BBC}.Debug|Any CPU.ActiveCfg = Debug|Any CPU
		{EFA105F5-49E9-4172-A094-EB9D09D78BBC}.Debug|Any CPU.Build.0 = Debug|Any CPU
		{EFA105F5-49E9-4172-A094-EB9D09D78BBC}.Release|Any CPU.ActiveCfg = Release|Any CPU
		{EFA105F5-49E9-4172-A094-EB9D09D78BBC}.Release|Any CPU.Build.0 = Release|Any CPU
		{83BB77CF-7EE3-43AD-B8C9-DAA9B1A7A58F}.Debug|Any CPU.ActiveCfg = Debug|Any CPU
		{83BB77CF-7EE3-43AD-B8C9-DAA9B1A7A58F}.Debug|Any CPU.Build.0 = Debug|Any CPU
		{83BB77CF-7EE3-43AD-B8C9-DAA9B1A7A58F}.Release|Any CPU.ActiveCfg = Release|Any CPU
		{83BB77CF-7EE3-43AD-B8C9-DAA9B1A7A58F}.Release|Any CPU.Build.0 = Release|Any CPU
		{6C97D037-1B7A-448E-BF22-A065A590CB96}.Debug|Any CPU.ActiveCfg = Debug|Any CPU
		{6C97D037-1B7A-448E-BF22-A065A590CB96}.Debug|Any CPU.Build.0 = Debug|Any CPU
		{6C97D037-1B7A-448E-BF22-A065A590CB96}.Release|Any CPU.ActiveCfg = Release|Any CPU
		{6C97D037-1B7A-448E-BF22-A065A590CB96}.Release|Any CPU.Build.0 = Release|Any CPU
		{4C9BF4DC-9A9E-4A50-815D-C3668CDFFE6E}.Debug|Any CPU.ActiveCfg = Debug|Any CPU
		{4C9BF4DC-9A9E-4A50-815D-C3668CDFFE6E}.Debug|Any CPU.Build.0 = Debug|Any CPU
		{4C9BF4DC-9A9E-4A50-815D-C3668CDFFE6E}.Release|Any CPU.ActiveCfg = Release|Any CPU
		{4C9BF4DC-9A9E-4A50-815D-C3668CDFFE6E}.Release|Any CPU.Build.0 = Release|Any CPU
		{D2A32793-2A93-45D2-94BD-3BE50D04D5AC}.Debug|Any CPU.ActiveCfg = Debug|Any CPU
		{D2A32793-2A93-45D2-94BD-3BE50D04D5AC}.Debug|Any CPU.Build.0 = Debug|Any CPU
		{D2A32793-2A93-45D2-94BD-3BE50D04D5AC}.Release|Any CPU.ActiveCfg = Release|Any CPU
		{D2A32793-2A93-45D2-94BD-3BE50D04D5AC}.Release|Any CPU.Build.0 = Release|Any CPU
		{3B4E27C2-8086-43CD-B6ED-5A09D04903D8}.Debug|Any CPU.ActiveCfg = Debug|Any CPU
		{3B4E27C2-8086-43CD-B6ED-5A09D04903D8}.Debug|Any CPU.Build.0 = Debug|Any CPU
		{3B4E27C2-8086-43CD-B6ED-5A09D04903D8}.Release|Any CPU.ActiveCfg = Release|Any CPU
		{3B4E27C2-8086-43CD-B6ED-5A09D04903D8}.Release|Any CPU.Build.0 = Release|Any CPU
		{2C22BCA2-6E64-4106-8482-4E2F3E671C2C}.Debug|Any CPU.ActiveCfg = Debug|Any CPU
		{2C22BCA2-6E64-4106-8482-4E2F3E671C2C}.Debug|Any CPU.Build.0 = Debug|Any CPU
		{2C22BCA2-6E64-4106-8482-4E2F3E671C2C}.Release|Any CPU.ActiveCfg = Release|Any CPU
		{2C22BCA2-6E64-4106-8482-4E2F3E671C2C}.Release|Any CPU.Build.0 = Release|Any CPU
		{E206D744-0EDB-4451-9F37-2F34F1230C4C}.Debug|Any CPU.ActiveCfg = Debug|Any CPU
		{E206D744-0EDB-4451-9F37-2F34F1230C4C}.Debug|Any CPU.Build.0 = Debug|Any CPU
		{E206D744-0EDB-4451-9F37-2F34F1230C4C}.Release|Any CPU.ActiveCfg = Release|Any CPU
		{E206D744-0EDB-4451-9F37-2F34F1230C4C}.Release|Any CPU.Build.0 = Release|Any CPU
		{D3838B93-4F5B-413E-8563-022678A416FB}.Debug|Any CPU.ActiveCfg = Debug|Any CPU
		{D3838B93-4F5B-413E-8563-022678A416FB}.Debug|Any CPU.Build.0 = Debug|Any CPU
		{D3838B93-4F5B-413E-8563-022678A416FB}.Release|Any CPU.ActiveCfg = Release|Any CPU
		{D3838B93-4F5B-413E-8563-022678A416FB}.Release|Any CPU.Build.0 = Release|Any CPU
		{A676876C-CD1A-4FC7-B8FA-E3418D015035}.Debug|Any CPU.ActiveCfg = Debug|Any CPU
		{A676876C-CD1A-4FC7-B8FA-E3418D015035}.Debug|Any CPU.Build.0 = Debug|Any CPU
		{A676876C-CD1A-4FC7-B8FA-E3418D015035}.Release|Any CPU.ActiveCfg = Release|Any CPU
		{A676876C-CD1A-4FC7-B8FA-E3418D015035}.Release|Any CPU.Build.0 = Release|Any CPU
		{A7380B23-2FB4-4D4F-A5FE-B883C2A35A31}.Debug|Any CPU.ActiveCfg = Debug|Any CPU
		{A7380B23-2FB4-4D4F-A5FE-B883C2A35A31}.Debug|Any CPU.Build.0 = Debug|Any CPU
		{A7380B23-2FB4-4D4F-A5FE-B883C2A35A31}.Release|Any CPU.ActiveCfg = Release|Any CPU
		{A7380B23-2FB4-4D4F-A5FE-B883C2A35A31}.Release|Any CPU.Build.0 = Release|Any CPU
		{E2769C17-66F4-47A2-B9C7-32B1E4CE725D}.Debug|Any CPU.ActiveCfg = Debug|Any CPU
		{E2769C17-66F4-47A2-B9C7-32B1E4CE725D}.Debug|Any CPU.Build.0 = Debug|Any CPU
		{E2769C17-66F4-47A2-B9C7-32B1E4CE725D}.Release|Any CPU.ActiveCfg = Release|Any CPU
		{E2769C17-66F4-47A2-B9C7-32B1E4CE725D}.Release|Any CPU.Build.0 = Release|Any CPU
		{BC078860-DF23-42D2-891D-A0FB44CD25FD}.Debug|Any CPU.ActiveCfg = Debug|Any CPU
		{BC078860-DF23-42D2-891D-A0FB44CD25FD}.Debug|Any CPU.Build.0 = Debug|Any CPU
		{BC078860-DF23-42D2-891D-A0FB44CD25FD}.Release|Any CPU.ActiveCfg = Release|Any CPU
		{BC078860-DF23-42D2-891D-A0FB44CD25FD}.Release|Any CPU.Build.0 = Release|Any CPU
		{D41D69C7-E041-4D72-916A-F8DC740CEE93}.Debug|Any CPU.ActiveCfg = Debug|Any CPU
		{D41D69C7-E041-4D72-916A-F8DC740CEE93}.Debug|Any CPU.Build.0 = Debug|Any CPU
		{D41D69C7-E041-4D72-916A-F8DC740CEE93}.Release|Any CPU.ActiveCfg = Release|Any CPU
		{D41D69C7-E041-4D72-916A-F8DC740CEE93}.Release|Any CPU.Build.0 = Release|Any CPU
		{533AAA94-5390-4B3E-A072-952F2C3AD8C8}.Debug|Any CPU.ActiveCfg = Debug|Any CPU
		{533AAA94-5390-4B3E-A072-952F2C3AD8C8}.Debug|Any CPU.Build.0 = Debug|Any CPU
		{533AAA94-5390-4B3E-A072-952F2C3AD8C8}.Release|Any CPU.ActiveCfg = Release|Any CPU
		{533AAA94-5390-4B3E-A072-952F2C3AD8C8}.Release|Any CPU.Build.0 = Release|Any CPU
	EndGlobalSection
	GlobalSection(NestedProjects) = preSolution
		{FD30EBFF-FF59-4DD2-8739-D7DAECE0F02E} = {3BFA9B40-7B1C-4512-B22E-AD98C5497C7F}
		{72EA128A-F831-46C4-B81F-AA86529195FD} = {3BFA9B40-7B1C-4512-B22E-AD98C5497C7F}
		{39E45484-AEB6-4EBD-B4F1-A3BF54637570} = {3BFA9B40-7B1C-4512-B22E-AD98C5497C7F}
		{7C68AE0A-0919-46BA-98A7-C79F42B1E831} = {B2624AFA-D0B6-401F-812F-8AE45A0DD1BA}
		{5E307F07-3118-4F5B-8A22-A8DDFEC79DA0} = {B2624AFA-D0B6-401F-812F-8AE45A0DD1BA}
		{5A4BA5CA-A027-4161-B229-C9DB3FE727CB} = {B2624AFA-D0B6-401F-812F-8AE45A0DD1BA}
		{DD808B7C-B826-428D-9555-E9A5A1588A92} = {B2624AFA-D0B6-401F-812F-8AE45A0DD1BA}
		{71188704-44F3-44D8-A56E-D77DB7FDC8B1} = {F15B7FD9-BDEF-4E9B-B107-BAE12AC9312E}
		{5E6CBB74-2174-4144-894B-9794A481D5D9} = {F15B7FD9-BDEF-4E9B-B107-BAE12AC9312E}
		{36C8EF18-FCF2-4938-B2AA-4D2F5FC66B96} = {F15B7FD9-BDEF-4E9B-B107-BAE12AC9312E}
		{27E030C7-C041-45D0-9FC4-8B9D4EF22B40} = {6C008BD9-9036-46F7-8202-94E75C9E2C20}
		{F15B7FD9-BDEF-4E9B-B107-BAE12AC9312E} = {51AF1634-C629-4338-95D9-C7DC5A702788}
		{6C008BD9-9036-46F7-8202-94E75C9E2C20} = {51AF1634-C629-4338-95D9-C7DC5A702788}
		{B2624AFA-D0B6-401F-812F-8AE45A0DD1BA} = {51AF1634-C629-4338-95D9-C7DC5A702788}
		{3BFA9B40-7B1C-4512-B22E-AD98C5497C7F} = {51AF1634-C629-4338-95D9-C7DC5A702788}
		{1F630324-C055-4C87-B900-1FB888BB2140} = {51AF1634-C629-4338-95D9-C7DC5A702788}
		{8CF37170-96CD-4D62-9CE7-198706585619} = {51AF1634-C629-4338-95D9-C7DC5A702788}
		{C1421631-0C6F-4485-94F6-EA8753C27756} = {8CF37170-96CD-4D62-9CE7-198706585619}
		{F8645234-45B2-461F-BA0A-549FB36A23C3} = {8CF37170-96CD-4D62-9CE7-198706585619}
		{1862C48C-A66C-4108-A4C4-78FF8B868A5E} = {F8645234-45B2-461F-BA0A-549FB36A23C3}
		{A3F38EEA-F3F2-49F3-A8E8-06D830957B3F} = {6C008BD9-9036-46F7-8202-94E75C9E2C20}
		{A4000428-4136-4DE1-B164-6945161F04E4} = {6C008BD9-9036-46F7-8202-94E75C9E2C20}
		{84FEDB7C-78FE-470A-A957-7453A3718466} = {6C008BD9-9036-46F7-8202-94E75C9E2C20}
		{EFA105F5-49E9-4172-A094-EB9D09D78BBC} = {8CF37170-96CD-4D62-9CE7-198706585619}
		{947EFF6D-A9C2-4EF9-99B7-9A9841FAAB50} = {3BFA9B40-7B1C-4512-B22E-AD98C5497C7F}
		{81277083-3138-4737-824D-1E6CA6E54ADC} = {947EFF6D-A9C2-4EF9-99B7-9A9841FAAB50}
		{83BB77CF-7EE3-43AD-B8C9-DAA9B1A7A58F} = {6C008BD9-9036-46F7-8202-94E75C9E2C20}
		{827AAEE0-47DD-4156-A4BD-623250FD0064} = {6C008BD9-9036-46F7-8202-94E75C9E2C20}
		{6C97D037-1B7A-448E-BF22-A065A590CB96} = {827AAEE0-47DD-4156-A4BD-623250FD0064}
		{9264DC41-973F-40B1-9425-F4070A02CCB3} = {B2624AFA-D0B6-401F-812F-8AE45A0DD1BA}
		{4C9BF4DC-9A9E-4A50-815D-C3668CDFFE6E} = {9264DC41-973F-40B1-9425-F4070A02CCB3}
		{84E9DB4A-4376-46AE-A97B-CC965FA7F287} = {51AF1634-C629-4338-95D9-C7DC5A702788}
		{D2A32793-2A93-45D2-94BD-3BE50D04D5AC} = {84E9DB4A-4376-46AE-A97B-CC965FA7F287}
		{3B4E27C2-8086-43CD-B6ED-5A09D04903D8} = {84E9DB4A-4376-46AE-A97B-CC965FA7F287}
		{2C22BCA2-6E64-4106-8482-4E2F3E671C2C} = {84E9DB4A-4376-46AE-A97B-CC965FA7F287}
		{101AE828-16F5-4A3B-97BB-C5F671E6C091} = {84E9DB4A-4376-46AE-A97B-CC965FA7F287}
		{E206D744-0EDB-4451-9F37-2F34F1230C4C} = {84E9DB4A-4376-46AE-A97B-CC965FA7F287}
		{D3838B93-4F5B-413E-8563-022678A416FB} = {101AE828-16F5-4A3B-97BB-C5F671E6C091}
		{0A2BA9F5-2917-4B8F-A145-1F0604272BC8} = {F15B7FD9-BDEF-4E9B-B107-BAE12AC9312E}
		{A676876C-CD1A-4FC7-B8FA-E3418D015035} = {0A2BA9F5-2917-4B8F-A145-1F0604272BC8}
		{A7380B23-2FB4-4D4F-A5FE-B883C2A35A31} = {F15B7FD9-BDEF-4E9B-B107-BAE12AC9312E}
		{E2769C17-66F4-47A2-B9C7-32B1E4CE725D} = {F15B7FD9-BDEF-4E9B-B107-BAE12AC9312E}
		{BC078860-DF23-42D2-891D-A0FB44CD25FD} = {B2624AFA-D0B6-401F-812F-8AE45A0DD1BA}
		{D41D69C7-E041-4D72-916A-F8DC740CEE93} = {9264DC41-973F-40B1-9425-F4070A02CCB3}
		{3306A1D8-6CCC-4381-A3FE-835C7D7C7F02} = {51AF1634-C629-4338-95D9-C7DC5A702788}
		{533AAA94-5390-4B3E-A072-952F2C3AD8C8} = {3306A1D8-6CCC-4381-A3FE-835C7D7C7F02}
	EndGlobalSection
EndGlobal
