
Microsoft Visual Studio Solution File, Format Version 12.00
Project("{FAE04EC0-301F-11D3-BF4B-00C04F79EFBC}") = "GigiTrucks.Services.Users.Api", "src\Services\Users\GigiTrucks.Services.Users.Api\GigiTrucks.Services.Users.Api.csproj", "{FD30EBFF-FF59-4DD2-8739-D7DAECE0F02E}"
EndProject
Project("{FAE04EC0-301F-11D3-BF4B-00C04F79EFBC}") = "GigiTrucks.Services.Users.Core", "src\Services\Users\GigiTrucks.Services.Users.Core\GigiTrucks.Services.Users.Core.csproj", "{72EA128A-F831-46C4-B81F-AA86529195FD}"
EndProject
Project("{FAE04EC0-301F-11D3-BF4B-00C04F79EFBC}") = "GigiTrucks.Services.Users.Shared", "src\Services\Users\GigiTrucks.Services.Users.Shared\GigiTrucks.Services.Users.Shared.csproj", "{39E45484-AEB6-4EBD-B4F1-A3BF54637570}"
EndProject
Project("{FAE04EC0-301F-11D3-BF4B-00C04F79EFBC}") = "GigiTrucks.Services.Users.Tests.Integration", "src\Services\Users\GigiTrucks.Services.Users.Tests.Integration\GigiTrucks.Services.Users.Tests.Integration.csproj", "{81277083-3138-4737-824D-1E6CA6E54ADC}"
EndProject
Project("{2150E333-8FDC-42A3-9474-1A3956D46DE8}") = "Services.Users", "Services.Users", "{3BFA9B40-7B1C-4512-B22E-AD98C5497C7F}"
EndProject
Project("{FAE04EC0-301F-11D3-BF4B-00C04F79EFBC}") = "GigiTrucks.Gateway", "src\Gateway\GigiTrucks.Gateway\GigiTrucks.Gateway.csproj", "{75718EEE-EA8F-4167-B7D5-2E98B0AE5233}"
EndProject
Project("{2150E333-8FDC-42A3-9474-1A3956D46DE8}") = "Services.Orders", "Services.Orders", "{B2624AFA-D0B6-401F-812F-8AE45A0DD1BA}"
EndProject
Project("{FAE04EC0-301F-11D3-BF4B-00C04F79EFBC}") = "GigiTrucks.Services.Orders.Api", "src\Services\Orders\GigiTrucks.Services.Orders.Api\GigiTrucks.Services.Orders.Api.csproj", "{7C68AE0A-0919-46BA-98A7-C79F42B1E831}"
EndProject
Project("{FAE04EC0-301F-11D3-BF4B-00C04F79EFBC}") = "GigiTrucks.Services.Orders.Infrastructure", "src\Services\Orders\GigiTrucks.Services.Orders.Infrastructure\GigiTrucks.Services.Orders.Infrastructure.csproj", "{5E307F07-3118-4F5B-8A22-A8DDFEC79DA0}"
EndProject
Project("{FAE04EC0-301F-11D3-BF4B-00C04F79EFBC}") = "GigiTrucks.Services.Orders.Domain", "src\Services\Orders\GigiTrucks.Services.Orders.Domain\GigiTrucks.Services.Orders.Domain.csproj", "{5A4BA5CA-A027-4161-B229-C9DB3FE727CB}"
EndProject
Project("{FAE04EC0-301F-11D3-BF4B-00C04F79EFBC}") = "GigiTrucks.Services.Orders.Application", "src\Services\Orders\GigiTrucks.Services.Orders.Application\GigiTrucks.Services.Orders.Application.csproj", "{DD808B7C-B826-428D-9555-E9A5A1588A92}"
EndProject
Project("{2150E333-8FDC-42A3-9474-1A3956D46DE8}") = "Services.Carts", "Services.Carts", "{F15B7FD9-BDEF-4E9B-B107-BAE12AC9312E}"
EndProject
Project("{FAE04EC0-301F-11D3-BF4B-00C04F79EFBC}") = "GigiTrucks.Services.Carts.Contracts", "src\Services\Carts\GigiTrucks.Services.Carts.Contracts\GigiTrucks.Services.Carts.Contracts.csproj", "{71188704-44F3-44D8-A56E-D77DB7FDC8B1}"
EndProject
Project("{FAE04EC0-301F-11D3-BF4B-00C04F79EFBC}") = "GigiTrucks.Services.Carts.Api", "src\Services\Carts\GigiTrucks.Services.Carts.Api\GigiTrucks.Services.Carts.Api.csproj", "{5E6CBB74-2174-4144-894B-9794A481D5D9}"
EndProject
Project("{FAE04EC0-301F-11D3-BF4B-00C04F79EFBC}") = "GigiTrucks.Services.Carts.Application", "src\Services\Carts\GigiTrucks.Services.Carts.Application\GigiTrucks.Services.Carts.Application.csproj", "{36C8EF18-FCF2-4938-B2AA-4D2F5FC66B96}"
EndProject
Project("{2150E333-8FDC-42A3-9474-1A3956D46DE8}") = "Services.Newsletter", "Services.Newsletter", "{6C008BD9-9036-46F7-8202-94E75C9E2C20}"
EndProject
Project("{FAE04EC0-301F-11D3-BF4B-00C04F79EFBC}") = "GigiTrucks.Services.Newsletter.Api", "src\Services\Newsletter\GigiTrucks.Services.Newsletter.Api\GigiTrucks.Services.Newsletter.Api.csproj", "{27E030C7-C041-45D0-9FC4-8B9D4EF22B40}"
EndProject
Project("{2150E333-8FDC-42A3-9474-1A3956D46DE8}") = "Services", "Services", "{51AF1634-C629-4338-95D9-C7DC5A702788}"
EndProject
Global
	GlobalSection(SolutionConfigurationPlatforms) = preSolution
		Debug|Any CPU = Debug|Any CPU
		Release|Any CPU = Release|Any CPU
	EndGlobalSection
	GlobalSection(ProjectConfigurationPlatforms) = postSolution
		{FD30EBFF-FF59-4DD2-8739-D7DAECE0F02E}.Debug|Any CPU.ActiveCfg = Debug|Any CPU
		{FD30EBFF-FF59-4DD2-8739-D7DAECE0F02E}.Debug|Any CPU.Build.0 = Debug|Any CPU
		{FD30EBFF-FF59-4DD2-8739-D7DAECE0F02E}.Release|Any CPU.ActiveCfg = Release|Any CPU
		{FD30EBFF-FF59-4DD2-8739-D7DAECE0F02E}.Release|Any CPU.Build.0 = Release|Any CPU
		{72EA128A-F831-46C4-B81F-AA86529195FD}.Debug|Any CPU.ActiveCfg = Debug|Any CPU
		{72EA128A-F831-46C4-B81F-AA86529195FD}.Debug|Any CPU.Build.0 = Debug|Any CPU
		{72EA128A-F831-46C4-B81F-AA86529195FD}.Release|Any CPU.ActiveCfg = Release|Any CPU
		{72EA128A-F831-46C4-B81F-AA86529195FD}.Release|Any CPU.Build.0 = Release|Any CPU
		{39E45484-AEB6-4EBD-B4F1-A3BF54637570}.Debug|Any CPU.ActiveCfg = Debug|Any CPU
		{39E45484-AEB6-4EBD-B4F1-A3BF54637570}.Debug|Any CPU.Build.0 = Debug|Any CPU
		{39E45484-AEB6-4EBD-B4F1-A3BF54637570}.Release|Any CPU.ActiveCfg = Release|Any CPU
		{39E45484-AEB6-4EBD-B4F1-A3BF54637570}.Release|Any CPU.Build.0 = Release|Any CPU
		{81277083-3138-4737-824D-1E6CA6E54ADC}.Debug|Any CPU.ActiveCfg = Debug|Any CPU
		{81277083-3138-4737-824D-1E6CA6E54ADC}.Debug|Any CPU.Build.0 = Debug|Any CPU
		{81277083-3138-4737-824D-1E6CA6E54ADC}.Release|Any CPU.ActiveCfg = Release|Any CPU
		{81277083-3138-4737-824D-1E6CA6E54ADC}.Release|Any CPU.Build.0 = Release|Any CPU
		{75718EEE-EA8F-4167-B7D5-2E98B0AE5233}.Debug|Any CPU.ActiveCfg = Debug|Any CPU
		{75718EEE-EA8F-4167-B7D5-2E98B0AE5233}.Debug|Any CPU.Build.0 = Debug|Any CPU
		{75718EEE-EA8F-4167-B7D5-2E98B0AE5233}.Release|Any CPU.ActiveCfg = Release|Any CPU
		{75718EEE-EA8F-4167-B7D5-2E98B0AE5233}.Release|Any CPU.Build.0 = Release|Any CPU
		{7C68AE0A-0919-46BA-98A7-C79F42B1E831}.Debug|Any CPU.ActiveCfg = Debug|Any CPU
		{7C68AE0A-0919-46BA-98A7-C79F42B1E831}.Debug|Any CPU.Build.0 = Debug|Any CPU
		{7C68AE0A-0919-46BA-98A7-C79F42B1E831}.Release|Any CPU.ActiveCfg = Release|Any CPU
		{7C68AE0A-0919-46BA-98A7-C79F42B1E831}.Release|Any CPU.Build.0 = Release|Any CPU
		{5E307F07-3118-4F5B-8A22-A8DDFEC79DA0}.Debug|Any CPU.ActiveCfg = Debug|Any CPU
		{5E307F07-3118-4F5B-8A22-A8DDFEC79DA0}.Debug|Any CPU.Build.0 = Debug|Any CPU
		{5E307F07-3118-4F5B-8A22-A8DDFEC79DA0}.Release|Any CPU.ActiveCfg = Release|Any CPU
		{5E307F07-3118-4F5B-8A22-A8DDFEC79DA0}.Release|Any CPU.Build.0 = Release|Any CPU
		{5A4BA5CA-A027-4161-B229-C9DB3FE727CB}.Debug|Any CPU.ActiveCfg = Debug|Any CPU
		{5A4BA5CA-A027-4161-B229-C9DB3FE727CB}.Debug|Any CPU.Build.0 = Debug|Any CPU
		{5A4BA5CA-A027-4161-B229-C9DB3FE727CB}.Release|Any CPU.ActiveCfg = Release|Any CPU
		{5A4BA5CA-A027-4161-B229-C9DB3FE727CB}.Release|Any CPU.Build.0 = Release|Any CPU
		{DD808B7C-B826-428D-9555-E9A5A1588A92}.Debug|Any CPU.ActiveCfg = Debug|Any CPU
		{DD808B7C-B826-428D-9555-E9A5A1588A92}.Debug|Any CPU.Build.0 = Debug|Any CPU
		{DD808B7C-B826-428D-9555-E9A5A1588A92}.Release|Any CPU.ActiveCfg = Release|Any CPU
		{DD808B7C-B826-428D-9555-E9A5A1588A92}.Release|Any CPU.Build.0 = Release|Any CPU
		{71188704-44F3-44D8-A56E-D77DB7FDC8B1}.Debug|Any CPU.ActiveCfg = Debug|Any CPU
		{71188704-44F3-44D8-A56E-D77DB7FDC8B1}.Debug|Any CPU.Build.0 = Debug|Any CPU
		{71188704-44F3-44D8-A56E-D77DB7FDC8B1}.Release|Any CPU.ActiveCfg = Release|Any CPU
		{71188704-44F3-44D8-A56E-D77DB7FDC8B1}.Release|Any CPU.Build.0 = Release|Any CPU
		{5E6CBB74-2174-4144-894B-9794A481D5D9}.Debug|Any CPU.ActiveCfg = Debug|Any CPU
		{5E6CBB74-2174-4144-894B-9794A481D5D9}.Debug|Any CPU.Build.0 = Debug|Any CPU
		{5E6CBB74-2174-4144-894B-9794A481D5D9}.Release|Any CPU.ActiveCfg = Release|Any CPU
		{5E6CBB74-2174-4144-894B-9794A481D5D9}.Release|Any CPU.Build.0 = Release|Any CPU
		{36C8EF18-FCF2-4938-B2AA-4D2F5FC66B96}.Debug|Any CPU.ActiveCfg = Debug|Any CPU
		{36C8EF18-FCF2-4938-B2AA-4D2F5FC66B96}.Debug|Any CPU.Build.0 = Debug|Any CPU
		{36C8EF18-FCF2-4938-B2AA-4D2F5FC66B96}.Release|Any CPU.ActiveCfg = Release|Any CPU
		{36C8EF18-FCF2-4938-B2AA-4D2F5FC66B96}.Release|Any CPU.Build.0 = Release|Any CPU
		{27E030C7-C041-45D0-9FC4-8B9D4EF22B40}.Debug|Any CPU.ActiveCfg = Debug|Any CPU
		{27E030C7-C041-45D0-9FC4-8B9D4EF22B40}.Debug|Any CPU.Build.0 = Debug|Any CPU
		{27E030C7-C041-45D0-9FC4-8B9D4EF22B40}.Release|Any CPU.ActiveCfg = Release|Any CPU
		{27E030C7-C041-45D0-9FC4-8B9D4EF22B40}.Release|Any CPU.Build.0 = Release|Any CPU
	EndGlobalSection
	GlobalSection(NestedProjects) = preSolution
		{FD30EBFF-FF59-4DD2-8739-D7DAECE0F02E} = {3BFA9B40-7B1C-4512-B22E-AD98C5497C7F}
		{72EA128A-F831-46C4-B81F-AA86529195FD} = {3BFA9B40-7B1C-4512-B22E-AD98C5497C7F}
		{39E45484-AEB6-4EBD-B4F1-A3BF54637570} = {3BFA9B40-7B1C-4512-B22E-AD98C5497C7F}
		{81277083-3138-4737-824D-1E6CA6E54ADC} = {3BFA9B40-7B1C-4512-B22E-AD98C5497C7F}
		{7C68AE0A-0919-46BA-98A7-C79F42B1E831} = {B2624AFA-D0B6-401F-812F-8AE45A0DD1BA}
		{5E307F07-3118-4F5B-8A22-A8DDFEC79DA0} = {B2624AFA-D0B6-401F-812F-8AE45A0DD1BA}
		{5A4BA5CA-A027-4161-B229-C9DB3FE727CB} = {B2624AFA-D0B6-401F-812F-8AE45A0DD1BA}
		{DD808B7C-B826-428D-9555-E9A5A1588A92} = {B2624AFA-D0B6-401F-812F-8AE45A0DD1BA}
		{71188704-44F3-44D8-A56E-D77DB7FDC8B1} = {F15B7FD9-BDEF-4E9B-B107-BAE12AC9312E}
		{5E6CBB74-2174-4144-894B-9794A481D5D9} = {F15B7FD9-BDEF-4E9B-B107-BAE12AC9312E}
		{36C8EF18-FCF2-4938-B2AA-4D2F5FC66B96} = {F15B7FD9-BDEF-4E9B-B107-BAE12AC9312E}
		{27E030C7-C041-45D0-9FC4-8B9D4EF22B40} = {6C008BD9-9036-46F7-8202-94E75C9E2C20}
		{F15B7FD9-BDEF-4E9B-B107-BAE12AC9312E} = {51AF1634-C629-4338-95D9-C7DC5A702788}
		{6C008BD9-9036-46F7-8202-94E75C9E2C20} = {51AF1634-C629-4338-95D9-C7DC5A702788}
		{B2624AFA-D0B6-401F-812F-8AE45A0DD1BA} = {51AF1634-C629-4338-95D9-C7DC5A702788}
		{3BFA9B40-7B1C-4512-B22E-AD98C5497C7F} = {51AF1634-C629-4338-95D9-C7DC5A702788}
	EndGlobalSection
EndGlobal
